
Microsoft Visual Studio Solution File, Format Version 12.00
# Visual Studio Version 16
VisualStudioVersion = 16.0.30114.105
MinimumVisualStudioVersion = 10.0.40219.1
Project("{FAE04EC0-301F-11D3-BF4B-00C04F79EFBC}") = "Program", "Program\Program.csproj", "{882BBEAA-2E2C-42CE-B32A-D543DFDE12E8}"
EndProject
Project("{FAE04EC0-301F-11D3-BF4B-00C04F79EFBC}") = "ClassLibrary", "ClassLibrary\ClassLibrary.csproj", "{483B2F13-AB4A-4783-B096-3D5B44841F56}"
EndProject
Global
	GlobalSection(SolutionConfigurationPlatforms) = preSolution
		Debug|Any CPU = Debug|Any CPU
		Release|Any CPU = Release|Any CPU
	EndGlobalSection
	GlobalSection(SolutionProperties) = preSolution
		HideSolutionNode = FALSE
	EndGlobalSection
	GlobalSection(ProjectConfigurationPlatforms) = postSolution
		{882BBEAA-2E2C-42CE-B32A-D543DFDE12E8}.Debug|Any CPU.ActiveCfg = Debug|Any CPU
		{882BBEAA-2E2C-42CE-B32A-D543DFDE12E8}.Debug|Any CPU.Build.0 = Debug|Any CPU
		{882BBEAA-2E2C-42CE-B32A-D543DFDE12E8}.Release|Any CPU.ActiveCfg = Release|Any CPU
		{882BBEAA-2E2C-42CE-B32A-D543DFDE12E8}.Release|Any CPU.Build.0 = Release|Any CPU
		{483B2F13-AB4A-4783-B096-3D5B44841F56}.Debug|Any CPU.ActiveCfg = Debug|Any CPU
		{483B2F13-AB4A-4783-B096-3D5B44841F56}.Debug|Any CPU.Build.0 = Debug|Any CPU
		{483B2F13-AB4A-4783-B096-3D5B44841F56}.Release|Any CPU.ActiveCfg = Release|Any CPU
		{483B2F13-AB4A-4783-B096-3D5B44841F56}.Release|Any CPU.Build.0 = Release|Any CPU
	EndGlobalSection
EndGlobal
